{
  "name": "led-dashboard",
  "lockfileVersion": 3,
  "requires": true,
  "packages": {
    "": {
      "name": "led-dashboard",
      "devDependencies": {
        "@types/node": "^20.8.9",
        "bun-types": "latest",
        "rpi-led-matrix": "^1.14.0"
      },
      "peerDependencies": {
        "typescript": "^5.0.0"
      }
    },
    "node_modules/@types/node": {
      "version": "20.8.9",
      "resolved": "https://registry.npmjs.org/@types/node/-/node-20.8.9.tgz",
      "integrity": "sha512-UzykFsT3FhHb1h7yD4CA4YhBHq545JC0YnEz41xkipN88eKQtL6rSgocL5tbAP6Ola9Izm/Aw4Ora8He4x0BHg==",
      "dev": true,
      "dependencies": {
        "undici-types": "~5.26.4"
      }
    },
    "node_modules/bindings": {
      "version": "1.5.0",
      "dev": true,
      "license": "MIT",
      "dependencies": {
        "file-uri-to-path": "1.0.0"
      }
    },
    "node_modules/bun-types": {
      "version": "1.0.7",
      "resolved": "https://registry.npmjs.org/bun-types/-/bun-types-1.0.7.tgz",
      "integrity": "sha512-zlIp+SCutbbugs6xDy+3WC3KO3zKySpF/bRfiTk/VJUdKt+WHAzlCtLplS7XglRYDFzhRhlzXMW/R5BHkw+u2Q==",
      "dev": true
    },
    "node_modules/file-uri-to-path": {
      "version": "1.0.0",
      "dev": true,
      "license": "MIT"
    },
    "node_modules/node-addon-api": {
      "version": "3.2.1",
      "dev": true,
      "license": "MIT"
    },
    "node_modules/rpi-led-matrix": {
      "version": "1.14.0",
      "dev": true,
      "license": "MITNFA",
      "dependencies": {
        "bindings": "^1.5.0",
        "node-addon-api": "^3.0.0"
      },
      "engines": {
        "node": ">=10.0.0"
      }
    },
    "node_modules/typescript": {
      "version": "5.2.2",
      "license": "Apache-2.0",
      "peer": true,
      "bin": {
        "tsc": "bin/tsc",
        "tsserver": "bin/tsserver"
      },
      "engines": {
        "node": ">=14.17"
      }
    },
    "node_modules/undici-types": {
      "version": "5.26.5",
      "resolved": "https://registry.npmjs.org/undici-types/-/undici-types-5.26.5.tgz",
      "integrity": "sha512-JlCMO+ehdEIKqlFxk6IfVoAUVmgz7cU7zD/h9XZ0qzeosSHmUJVOzSQvvYSYWXkFXC+IfLKSIffhv0sVZup6pA==",
      "dev": true
    }
  }
}
